
Microsoft Visual Studio Solution File, Format Version 12.00
# Visual Studio Version 17
VisualStudioVersion = 17.7.34031.279
MinimumVisualStudioVersion = 10.0.40219.1
Project("{FAE04EC0-301F-11D3-BF4B-00C04F79EFBC}") = "OOPPolymorphism_0", "OOPPolymorphism_0\OOPPolymorphism_0.csproj", "{A76947EC-2DC6-4795-8411-4F1268097EAE}"
EndProject
Global
	GlobalSection(SolutionConfigurationPlatforms) = preSolution
		Debug|Any CPU = Debug|Any CPU
		Release|Any CPU = Release|Any CPU
	EndGlobalSection
	GlobalSection(ProjectConfigurationPlatforms) = postSolution
		{A76947EC-2DC6-4795-8411-4F1268097EAE}.Debug|Any CPU.ActiveCfg = Debug|Any CPU
		{A76947EC-2DC6-4795-8411-4F1268097EAE}.Debug|Any CPU.Build.0 = Debug|Any CPU
		{A76947EC-2DC6-4795-8411-4F1268097EAE}.Release|Any CPU.ActiveCfg = Release|Any CPU
		{A76947EC-2DC6-4795-8411-4F1268097EAE}.Release|Any CPU.Build.0 = Release|Any CPU
	EndGlobalSection
	GlobalSection(SolutionProperties) = preSolution
		HideSolutionNode = FALSE
	EndGlobalSection
	GlobalSection(ExtensibilityGlobals) = postSolution
		SolutionGuid = {DDA4FB76-4DF2-4C4A-A1D1-15031912167D}
	EndGlobalSection
EndGlobal
